{
  "name": "app",
  "lockfileVersion": 2,
  "requires": true,
  "packages": {
    "": {
      "dependencies": {
        "axios": "^0.25.0",
        "create-next-app": "^12.0.8",
        "next-http-proxy-middleware": "^1.2.1"
      }
    },
    "node_modules/@types/http-proxy": {
      "version": "1.17.3",
      "resolved": "https://registry.npmjs.org/@types/http-proxy/-/http-proxy-1.17.3.tgz",
      "integrity": "sha512-wIPqXANye5BbORbuh74exbwNzj+UWCwWyeEFJzUQ7Fq3W2NSAy+7x7nX1fgbEypr2/TdKqpeuxLnXWgzN533/Q==",
      "dependencies": {
        "@types/node": "*"
      }
    },
    "node_modules/@types/node": {
      "version": "17.0.14",
      "resolved": "https://registry.npmjs.org/@types/node/-/node-17.0.14.tgz",
      "integrity": "sha512-SbjLmERksKOGzWzPNuW7fJM7fk3YXVTFiZWB/Hs99gwhk+/dnrQRPBQjPW9aO+fi1tAffi9PrwFvsmOKmDTyng=="
    },
    "node_modules/axios": {
      "version": "0.25.0",
      "resolved": "https://registry.npmjs.org/axios/-/axios-0.25.0.tgz",
      "integrity": "sha512-cD8FOb0tRH3uuEe6+evtAbgJtfxr7ly3fQjYcMcuPlgkwVS9xboaVIpcDV+cYQe+yGykgwZCs1pzjntcGa6l5g==",
      "dependencies": {
        "follow-redirects": "^1.14.7"
      }
    },
    "node_modules/create-next-app": {
      "version": "12.0.8",
      "resolved": "https://registry.npmjs.org/create-next-app/-/create-next-app-12.0.8.tgz",
      "integrity": "sha512-7CegAQOt02ON+/cZgzh7pyuXw0MNNVRletJC9j3qlcqY5UWm3nr1tQ2DVTc2K0hCQH36tr6RDfeEiJIKBjVsQg==",
      "bin": {
        "create-next-app": "dist/index.js"
      },
      "engines": {
        "node": ">=12.22.0"
      }
    },
    "node_modules/eventemitter3": {
      "version": "4.0.7",
      "resolved": "https://registry.npmjs.org/eventemitter3/-/eventemitter3-4.0.7.tgz",
      "integrity": "sha512-8guHBZCwKnFhYdHr2ysuRWErTwhoN2X8XELRlrRwpmfeY2jjuUN4taQMsULKUVo1K4DvZl+0pgfyoysHxvmvEw=="
    },
    "node_modules/follow-redirects": {
      "version": "1.14.7",
      "resolved": "https://registry.npmjs.org/follow-redirects/-/follow-redirects-1.14.7.tgz",
      "integrity": "sha512-+hbxoLbFMbRKDwohX8GkTataGqO6Jb7jGwpAlwgy2bIz25XtRm7KEzJM76R1WiNT5SwZkX4Y75SwBolkpmE7iQ==",
      "funding": [
        {
          "type": "individual",
          "url": "https://github.com/sponsors/RubenVerborgh"
        }
      ],
      "engines": {
        "node": ">=4.0"
      },
      "peerDependenciesMeta": {
        "debug": {
          "optional": true
        }
      }
    },
    "node_modules/http-proxy": {
      "version": "1.18.1",
      "resolved": "https://registry.npmjs.org/http-proxy/-/http-proxy-1.18.1.tgz",
      "integrity": "sha512-7mz/721AbnJwIVbnaSv1Cz3Am0ZLT/UBwkC92VlxhXv/k/BBQfM2fXElQNC27BVGr0uwUpplYPQM9LnaBMR5NQ==",
      "dependencies": {
        "eventemitter3": "^4.0.0",
        "follow-redirects": "^1.0.0",
        "requires-port": "^1.0.0"
      },
      "engines": {
        "node": ">=8.0.0"
      }
    },
    "node_modules/next-http-proxy-middleware": {
      "version": "1.2.1",
      "resolved": "https://registry.npmjs.org/next-http-proxy-middleware/-/next-http-proxy-middleware-1.2.1.tgz",
      "integrity": "sha512-68Hyv4yFCs5Y8Op72jEfExcBfo28tPR/JEOaaSFFXFNteVPDYa7n+fbYGObglzjAgEhE1/y2rwttKeeRDmPUfw==",
      "dependencies": {
        "@types/http-proxy": "1.17.3",
        "http-proxy": "^1.18.1"
      },
      "engines": {
        "node": ">=10.0.0"
      }
    },
    "node_modules/requires-port": {
      "version": "1.0.0",
      "resolved": "https://registry.npmjs.org/requires-port/-/requires-port-1.0.0.tgz",
      "integrity": "sha1-kl0mAdOaxIXgkc8NpcbmlNw9yv8="
    }
  },
  "dependencies": {
    "@types/http-proxy": {
      "version": "1.17.3",
      "resolved": "https://registry.npmjs.org/@types/http-proxy/-/http-proxy-1.17.3.tgz",
      "integrity": "sha512-wIPqXANye5BbORbuh74exbwNzj+UWCwWyeEFJzUQ7Fq3W2NSAy+7x7nX1fgbEypr2/TdKqpeuxLnXWgzN533/Q==",
      "requires": {
        "@types/node": "*"
      }
    },
    "@types/node": {
      "version": "17.0.14",
      "resolved": "https://registry.npmjs.org/@types/node/-/node-17.0.14.tgz",
      "integrity": "sha512-SbjLmERksKOGzWzPNuW7fJM7fk3YXVTFiZWB/Hs99gwhk+/dnrQRPBQjPW9aO+fi1tAffi9PrwFvsmOKmDTyng=="
    },
    "axios": {
      "version": "0.25.0",
      "resolved": "https://registry.npmjs.org/axios/-/axios-0.25.0.tgz",
      "integrity": "sha512-cD8FOb0tRH3uuEe6+evtAbgJtfxr7ly3fQjYcMcuPlgkwVS9xboaVIpcDV+cYQe+yGykgwZCs1pzjntcGa6l5g==",
      "requires": {
        "follow-redirects": "^1.14.7"
      }
    },
    "create-next-app": {
      "version": "12.0.8",
      "resolved": "https://registry.npmjs.org/create-next-app/-/create-next-app-12.0.8.tgz",
      "integrity": "sha512-7CegAQOt02ON+/cZgzh7pyuXw0MNNVRletJC9j3qlcqY5UWm3nr1tQ2DVTc2K0hCQH36tr6RDfeEiJIKBjVsQg=="
    },
    "eventemitter3": {
      "version": "4.0.7",
      "resolved": "https://registry.npmjs.org/eventemitter3/-/eventemitter3-4.0.7.tgz",
      "integrity": "sha512-8guHBZCwKnFhYdHr2ysuRWErTwhoN2X8XELRlrRwpmfeY2jjuUN4taQMsULKUVo1K4DvZl+0pgfyoysHxvmvEw=="
    },
    "follow-redirects": {
      "version": "1.14.7",
      "resolved": "https://registry.npmjs.org/follow-redirects/-/follow-redirects-1.14.7.tgz",
      "integrity": "sha512-+hbxoLbFMbRKDwohX8GkTataGqO6Jb7jGwpAlwgy2bIz25XtRm7KEzJM76R1WiNT5SwZkX4Y75SwBolkpmE7iQ=="
    },
    "http-proxy": {
      "version": "1.18.1",
      "resolved": "https://registry.npmjs.org/http-proxy/-/http-proxy-1.18.1.tgz",
      "integrity": "sha512-7mz/721AbnJwIVbnaSv1Cz3Am0ZLT/UBwkC92VlxhXv/k/BBQfM2fXElQNC27BVGr0uwUpplYPQM9LnaBMR5NQ==",
      "requires": {
        "eventemitter3": "^4.0.0",
        "follow-redirects": "^1.0.0",
        "requires-port": "^1.0.0"
      }
    },
    "next-http-proxy-middleware": {
      "version": "1.2.1",
      "resolved": "https://registry.npmjs.org/next-http-proxy-middleware/-/next-http-proxy-middleware-1.2.1.tgz",
      "integrity": "sha512-68Hyv4yFCs5Y8Op72jEfExcBfo28tPR/JEOaaSFFXFNteVPDYa7n+fbYGObglzjAgEhE1/y2rwttKeeRDmPUfw==",
      "requires": {
        "@types/http-proxy": "1.17.3",
        "http-proxy": "^1.18.1"
      }
    },
    "requires-port": {
      "version": "1.0.0",
      "resolved": "https://registry.npmjs.org/requires-port/-/requires-port-1.0.0.tgz",
      "integrity": "sha1-kl0mAdOaxIXgkc8NpcbmlNw9yv8="
    }
  }
}
